dependencies:
- name: etcd
  repository: oci://dp.apps.rancher.io/charts
  version: 0.2.7
- name: minio
  repository: oci://dp.apps.rancher.io/charts
  version: 5.2.0
- name: apache-kafka
  repository: oci://dp.apps.rancher.io/charts
  version: 0.2.0
digest: sha256:388044ad82946e509fae6137c26ed2157aa0bc1efb69d1735edb5f8fc3637f72
generated: "2024-12-04T15:04:20.673378609-08:00"
